{
    "_readme": [
        "This file locks the dependencies of your project to a known state",
        "Read more about it at https://getcomposer.org/doc/01-basic-usage.md#installing-dependencies",
        "This file is @generated automatically"
    ],
    "content-hash": "1b80e4795f9b489da065f0e001ce5803",
    "packages": [
        {
            "name": "roots/sage",
            "version": "v10.2.0",
            "source": {
                "type": "git",
                "url": "https://github.com/roots/sage.git",
                "reference": "46babd52dfa4d3af5bfa89d2c5c6b195630051c1"
            },
            "dist": {
                "type": "zip",
                "url": "https://api.github.com/repos/roots/sage/zipball/46babd52dfa4d3af5bfa89d2c5c6b195630051c1",
                "reference": "46babd52dfa4d3af5bfa89d2c5c6b195630051c1",
                "shasum": ""
            },
            "require": {
                "php": "^7.4|^8.0"
            },
            "require-dev": {
                "squizlabs/php_codesniffer": "3.7.1"
            },
            "suggest": {
                "log1x/sage-directives": "A collection of useful Blade directives for WordPress and Sage (^1.0).",
                "log1x/sage-svg": "A useful SVG directive for inlining SVG's within Blade views (^1.0)."
            },
            "type": "wordpress-theme",
            "extra": {
                "acorn": {
                    "providers": [
                        "App\\Providers\\ThemeServiceProvider"
                    ]
                }
            },
            "autoload": {
                "psr-4": {
                    "App\\": "app/"
                }
            },
            "notification-url": "https://packagist.org/downloads/",
            "license": [
                "MIT"
            ],
            "authors": [
                {
                    "name": "Ben Word",
                    "email": "ben@benword.com",
                    "homepage": "https://github.com/retlehs"
                },
                {
                    "name": "Scott Walkinshaw",
                    "email": "scott.walkinshaw@gmail.com",
                    "homepage": "https://github.com/swalkinshaw"
                },
                {
                    "name": "QWp6t",
                    "email": "hi@qwp6t.me",
                    "homepage": "https://github.com/qwp6t"
                },
                {
                    "name": "Brandon Nifong",
                    "email": "brandon@tendency.me",
                    "homepage": "https://github.com/log1x"
                }
            ],
            "description": "WordPress starter theme with a modern development workflow",
            "homepage": "https://roots.io/sage/",
            "keywords": [
                "wordpress"
            ],
            "support": {
                "forum": "https://discourse.roots.io/",
                "issues": "https://github.com/roots/sage/issues",
                "source": "https://github.com/roots/sage/tree/v10.2.0"
            },
            "funding": [
                {
                    "url": "https://github.com/roots",
                    "type": "github"
                },
                {
                    "url": "https://www.patreon.com/rootsdev",
                    "type": "patreon"
                }
            ],
            "time": "2022-07-19T22:10:59+00:00"
        }
    ],
    "packages-dev": [],
    "aliases": [],
    "minimum-stability": "stable",
    "stability-flags": [],
    "prefer-stable": false,
    "prefer-lowest": false,
    "platform": [],
    "platform-dev": [],
    "plugin-api-version": "2.3.0"
}
